
Microsoft Visual Studio Solution File, Format Version 12.00
# Visual Studio 15
VisualStudioVersion = 15.0.27703.2047
MinimumVisualStudioVersion = 10.0.40219.1
Project("{9A19103F-16F7-4668-BE54-9A1E7A4F7556}") = "RoRamu.Storage", "src\RoRamu.Storage\RoRamu.Storage.csproj", "{4C9BE55F-AA61-451C-8037-2B47C00AF35F}"
EndProject
Global
	GlobalSection(SolutionConfigurationPlatforms) = preSolution
		Debug|Any CPU = Debug|Any CPU
		Release|Any CPU = Release|Any CPU
	EndGlobalSection
	GlobalSection(ProjectConfigurationPlatforms) = postSolution
		{4C9BE55F-AA61-451C-8037-2B47C00AF35F}.Debug|Any CPU.ActiveCfg = Debug|Any CPU
		{4C9BE55F-AA61-451C-8037-2B47C00AF35F}.Debug|Any CPU.Build.0 = Debug|Any CPU
		{4C9BE55F-AA61-451C-8037-2B47C00AF35F}.Release|Any CPU.ActiveCfg = Release|Any CPU
		{4C9BE55F-AA61-451C-8037-2B47C00AF35F}.Release|Any CPU.Build.0 = Release|Any CPU
	EndGlobalSection
	GlobalSection(SolutionProperties) = preSolution
		HideSolutionNode = FALSE
	EndGlobalSection
	GlobalSection(ExtensibilityGlobals) = postSolution
		SolutionGuid = {58D3031F-FBCF-4E4E-B22A-373262D78A02}
	EndGlobalSection
EndGlobal
